[[package]]
category = "dev"
description = "A small Python module for determining appropriate platform-specific dirs, e.g. a \"user data dir\"."
name = "appdirs"
optional = false
python-versions = "*"
version = "1.4.4"

[[package]]
category = "dev"
description = "Disable App Nap on macOS >= 10.9"
marker = "sys_platform == \"darwin\""
name = "appnope"
optional = false
python-versions = "*"
version = "0.1.2"

[[package]]
category = "dev"
description = "Classes Without Boilerplate"
name = "attrs"
optional = false
python-versions = ">=2.7, !=3.0.*, !=3.1.*, !=3.2.*, !=3.3.*"
version = "20.3.0"

[[package]]
category = "dev"
description = "Specifications for callback functions passed in to an API"
name = "backcall"
optional = false
python-versions = "*"
version = "0.2.0"

[[package]]
category = "dev"
description = "The uncompromising code formatter."
name = "black"
optional = false
python-versions = ">=3.6"
version = "18.9b0"

[package.dependencies]
appdirs = "*"
attrs = ">=17.4.0"
click = ">=6.5"
toml = ">=0.9.4"

[[package]]
category = "dev"
description = "The AWS SDK for Python"
name = "boto3"
optional = false
python-versions = ">= 2.7, !=3.0.*, !=3.1.*, !=3.2.*, !=3.3.*, !=3.4.*, !=3.5.*"
version = "1.17.27"

[package.dependencies]
botocore = ">=1.20.27,<1.21.0"
jmespath = ">=0.7.1,<1.0.0"
s3transfer = ">=0.3.0,<0.4.0"

[[package]]
category = "dev"
description = "Type annotations for boto3 1.17.27, generated by mypy-boto3-buider 4.4.0"
name = "boto3-stubs"
optional = false
python-versions = ">=3.6"
version = "1.17.27.0"

[package.dependencies]
mypy-boto3-s3 = "1.17.27.0"
mypy-boto3-secretsmanager = "1.17.27.0"
mypy-boto3-sns = "1.17.27.0"

[package.dependencies.typing-extensions]
python = "<3.8"
version = "*"

[[package]]
category = "dev"
description = "Low-level, data-driven core of boto 3."
name = "botocore"
optional = false
python-versions = ">= 2.7, !=3.0.*, !=3.1.*, !=3.2.*, !=3.3.*, !=3.4.*, !=3.5.*"
version = "1.20.27"

[package.dependencies]
jmespath = ">=0.7.1,<1.0.0"
python-dateutil = ">=2.1,<3.0.0"
urllib3 = ">=1.25.4,<1.27"

[[package]]
category = "dev"
description = "Composable command line interface toolkit"
name = "click"
optional = false
python-versions = ">=2.7, !=3.0.*, !=3.1.*, !=3.2.*, !=3.3.*, !=3.4.*"
version = "7.1.2"

[[package]]
category = "dev"
description = "Cross-platform colored terminal text."
marker = "sys_platform == \"win32\""
name = "colorama"
optional = false
python-versions = ">=2.7, !=3.0.*, !=3.1.*, !=3.2.*, !=3.3.*, !=3.4.*"
version = "0.4.4"

[[package]]
category = "dev"
description = "Decorators for Humans"
name = "decorator"
optional = false
python-versions = ">=2.6, !=3.0.*, !=3.1.*"
version = "4.4.2"

[[package]]
category = "dev"
description = "the modular source code checker: pep8 pyflakes and co"
name = "flake8"
optional = false
python-versions = "!=3.0.*,!=3.1.*,!=3.2.*,!=3.3.*,>=2.7"
version = "3.8.4"

[package.dependencies]
mccabe = ">=0.6.0,<0.7.0"
pycodestyle = ">=2.6.0a1,<2.7.0"
pyflakes = ">=2.2.0,<2.3.0"

[package.dependencies.importlib-metadata]
python = "<3.8"
version = "*"

[[package]]
category = "dev"
description = "A plugin for flake8 to enable linting .pyi files."
name = "flake8-pyi"
optional = false
python-versions = ">=3.6"
version = "20.10.0"

[package.dependencies]
attrs = "*"
flake8 = ">=3.2.1"
pyflakes = ">=2.1.1"

[[package]]
category = "dev"
description = "Read metadata from Python packages"
marker = "python_version < \"3.8\""
name = "importlib-metadata"
optional = false
python-versions = ">=3.6"
version = "3.7.2"

[package.dependencies]
zipp = ">=0.5"

[package.dependencies.typing-extensions]
python = "<3.8"
version = ">=3.6.4"

[[package]]
category = "dev"
description = "IPython: Productive Interactive Computing"
name = "ipython"
optional = false
python-versions = ">=3.7"
version = "7.21.0"

[package.dependencies]
appnope = "*"
backcall = "*"
colorama = "*"
decorator = "*"
jedi = ">=0.16"
pexpect = ">4.3"
pickleshare = "*"
prompt-toolkit = ">=2.0.0,<3.0.0 || >3.0.0,<3.0.1 || >3.0.1,<3.1.0"
pygments = "*"
setuptools = ">=18.5"
traitlets = ">=4.2"

[[package]]
category = "dev"
description = "Vestigial utilities from IPython"
name = "ipython-genutils"
optional = false
python-versions = "*"
version = "0.2.0"

[[package]]
category = "dev"
description = "A Python utility / library to sort Python imports."
name = "isort"
optional = false
python-versions = ">=2.7, !=3.0.*, !=3.1.*, !=3.2.*, !=3.3.*"
version = "4.3.21"

[[package]]
category = "dev"
description = "An autocompletion tool for Python that can be used for text editors."
name = "jedi"
optional = false
python-versions = ">=3.6"
version = "0.18.0"

[package.dependencies]
parso = ">=0.8.0,<0.9.0"

[[package]]
category = "dev"
description = "JSON Matching Expressions"
name = "jmespath"
optional = false
python-versions = ">=2.6, !=3.0.*, !=3.1.*, !=3.2.*"
version = "0.10.0"

[[package]]
category = "dev"
description = "McCabe checker, plugin for flake8"
name = "mccabe"
optional = false
python-versions = "*"
version = "0.6.1"

[[package]]
category = "dev"
description = "Optional static typing for Python"
name = "mypy"
optional = false
python-versions = ">=3.5"
version = "0.812"

[package.dependencies]
mypy-extensions = ">=0.4.3,<0.5.0"
typed-ast = ">=1.4.0,<1.5.0"
typing-extensions = ">=3.7.4"

[[package]]
category = "dev"
description = "Type annotations for boto3.S3 1.17.27 service, generated by mypy-boto3-buider 4.4.0"
marker = "extra == \"s3\""
name = "mypy-boto3-s3"
optional = false
python-versions = ">=3.6"
version = "1.17.27.0"

[package.dependencies]
[package.dependencies.typing-extensions]
python = "<3.8"
version = "*"

[[package]]
category = "dev"
description = "Type annotations for boto3.SecretsManager 1.17.27 service, generated by mypy-boto3-buider 4.4.0"
marker = "extra == \"secretsmanager\""
name = "mypy-boto3-secretsmanager"
optional = false
python-versions = ">=3.6"
version = "1.17.27.0"

[package.dependencies]
[package.dependencies.typing-extensions]
python = "<3.8"
version = "*"

[[package]]
category = "dev"
description = "Type annotations for boto3.SNS 1.17.27 service, generated by mypy-boto3-buider 4.4.0"
marker = "extra == \"sns\""
name = "mypy-boto3-sns"
optional = false
python-versions = ">=3.6"
version = "1.17.27.0"

[package.dependencies]
[package.dependencies.typing-extensions]
python = "<3.8"
version = "*"

[[package]]
category = "dev"
description = "Experimental type system extensions for programs checked with the mypy typechecker."
name = "mypy-extensions"
optional = false
python-versions = "*"
version = "0.4.3"

[[package]]
category = "dev"
description = "A Python Parser"
name = "parso"
optional = false
python-versions = ">=3.6"
version = "0.8.1"

[[package]]
category = "dev"
description = "Pexpect allows easy control of interactive console applications."
marker = "sys_platform != \"win32\""
name = "pexpect"
optional = false
python-versions = "*"
version = "4.8.0"

[package.dependencies]
ptyprocess = ">=0.5"

[[package]]
category = "dev"
description = "Tiny 'shelve'-like database with concurrency support"
name = "pickleshare"
optional = false
python-versions = "*"
version = "0.7.5"

[[package]]
category = "dev"
description = "Library for building powerful interactive command lines in Python"
name = "prompt-toolkit"
optional = false
python-versions = ">=3.6.1"
version = "3.0.17"

[package.dependencies]
wcwidth = "*"

[[package]]
category = "dev"
description = "Run a subprocess in a pseudo terminal"
marker = "sys_platform != \"win32\""
name = "ptyprocess"
optional = false
python-versions = "*"
version = "0.7.0"

[[package]]
category = "dev"
description = "Python style guide checker"
name = "pycodestyle"
optional = false
python-versions = ">=2.7, !=3.0.*, !=3.1.*, !=3.2.*, !=3.3.*"
version = "2.6.0"

[[package]]
category = "dev"
description = "passive checker of Python programs"
name = "pyflakes"
optional = false
python-versions = ">=2.7, !=3.0.*, !=3.1.*, !=3.2.*, !=3.3.*"
version = "2.2.0"

[[package]]
category = "dev"
description = "Pygments is a syntax highlighting package written in Python."
name = "pygments"
optional = false
python-versions = ">=3.5"
version = "2.8.1"

[[package]]
category = "dev"
description = "Extensions to the standard Python datetime module"
name = "python-dateutil"
optional = false
python-versions = "!=3.0.*,!=3.1.*,!=3.2.*,>=2.7"
version = "2.8.1"

[package.dependencies]
six = ">=1.5"

[[package]]
category = "dev"
description = "An Amazon S3 Transfer Manager"
name = "s3transfer"
optional = false
python-versions = "*"
version = "0.3.4"

[package.dependencies]
botocore = ">=1.12.36,<2.0a.0"

[[package]]
category = "dev"
description = "Python 2 and 3 compatibility utilities"
name = "six"
optional = false
python-versions = ">=2.7, !=3.0.*, !=3.1.*, !=3.2.*"
version = "1.15.0"

[[package]]
category = "dev"
description = "Python Library for Tom's Obvious, Minimal Language"
name = "toml"
optional = false
python-versions = ">=2.6, !=3.0.*, !=3.1.*, !=3.2.*"
version = "0.10.2"

[[package]]
category = "dev"
description = "Traitlets Python configuration system"
name = "traitlets"
optional = false
python-versions = ">=3.7"
version = "5.0.5"

[package.dependencies]
ipython-genutils = "*"

[[package]]
category = "dev"
description = "a fork of Python 2 and 3 ast modules with type comment support"
name = "typed-ast"
optional = false
python-versions = "*"
version = "1.4.2"

[[package]]
category = "dev"
description = "Backported and Experimental Type Hints for Python 3.5+"
name = "typing-extensions"
optional = false
python-versions = "*"
version = "3.7.4.3"

[[package]]
category = "dev"
description = "HTTP library with thread-safe connection pooling, file post, and more."
name = "urllib3"
optional = false
python-versions = ">=2.7, !=3.0.*, !=3.1.*, !=3.2.*, !=3.3.*, !=3.4.*, <4"
version = "1.26.3"

[[package]]
category = "dev"
description = "Measures the displayed width of unicode strings in a terminal"
name = "wcwidth"
optional = false
python-versions = "*"
version = "0.2.5"

[[package]]
category = "dev"
description = "Backport of pathlib-compatible object wrapper for zip files"
marker = "python_version < \"3.8\""
name = "zipp"
optional = false
python-versions = ">=3.6"
version = "3.4.1"

[metadata]
content-hash = "7135e2496322c61bbe02fabdbde5e5977b53cfae9b4ffb6858b5d279eba87786"
python-versions = "^3.7"

[metadata.hashes]
appdirs = ["7d5d0167b2b1ba821647616af46a749d1c653740dd0d2415100fe26e27afdf41", "a841dacd6b99318a741b166adb07e19ee71a274450e68237b4650ca1055ab128"]
appnope = ["93aa393e9d6c54c5cd570ccadd8edad61ea0c4b9ea7a01409020c9aa019eb442", "dd83cd4b5b460958838f6eb3000c660b1f9caf2a5b1de4264e941512f603258a"]
attrs = ["31b2eced602aa8423c2aea9c76a724617ed67cf9513173fd3a4f03e3a929c7e6", "832aa3cde19744e49938b91fea06d69ecb9e649c93ba974535d08ad92164f700"]
backcall = ["5cbdbf27be5e7cfadb448baf0aa95508f91f2bbc6c6437cd9cd06e2a4c215e1e", "fbbce6a29f263178a1f7915c1940bde0ec2b2a967566fe1c65c1dfb7422bd255"]
black = ["817243426042db1d36617910df579a54f1afd659adb96fc5032fcf4b36209739", "e030a9a28f542debc08acceb273f228ac422798e5215ba2a791a6ddeaaca22a5"]
boto3 = ["6758751f1181b9363e4e7559dcbd5ac0fc7147b73f429c976ec5ecd1688c9ec7", "fa41987f9f71368013767306d9522b627946a01b4843938a26fb19cc8adb06c0"]
boto3-stubs = ["4244b1336e77d195af6faf177e0ff997b9f127ed2db35af141bc08d9cf2952a4", "7eca2da03ce1279bbe147249db5a2828d018c56072f385848369f485fbc16b62"]
botocore = ["4477803f07649f4d80b17d054820e7a09bb2cb0792d0decc2812108bc3759c4a", "57e45c9d443163da7312cae61bcc60382e6d0b3aecda68e850d6438162fe7b5b"]
click = ["d2b5255c7c6349bc1bd1e59e08cd12acbbd63ce649f2588755783aa94dfb6b1a", "dacca89f4bfadd5de3d7489b7c8a566eee0d3676333fbb50030263894c38c0dc"]
colorama = ["5941b2b48a20143d2267e95b1c2a7603ce057ee39fd88e7329b0c292aa16869b", "9f47eda37229f68eee03b24b9748937c7dc3868f906e8ba69fbcbdd3bc5dc3e2"]
decorator = ["41fa54c2a0cc4ba648be4fd43cff00aedf5b9465c9bf18d64325bc225f08f760", "e3a62f0520172440ca0dcc823749319382e377f37f140a0b99ef45fecb84bfe7"]
flake8 = ["749dbbd6bfd0cf1318af27bf97a14e28e5ff548ef8e5b1566ccfb25a11e7c839", "aadae8761ec651813c24be05c6f7b4680857ef6afaae4651a4eccaef97ce6c3b"]
flake8-pyi = ["cee3b20a5123152c697870e7e800b60e3c95eb89e272a2b63d8cf55cafb0472c", "ff5dfc40bffa878f6ce95bcfd9a6ad14c44b85cbe99c4864e729301bf54267f0"]
importlib-metadata = ["18d5ff601069f98d5d605b6a4b50c18a34811d655c55548adc833e687289acde", "407d13f55dc6f2a844e62325d18ad7019a436c4bfcaee34cda35f2be6e7c3e34"]
ipython = ["04323f72d5b85b606330b6d7e2dc8d2683ad46c3905e955aa96ecc7a99388e70", "34207ffb2f653bced2bc8e3756c1db86e7d93e44ed049daae9814fed66d408ec"]
ipython-genutils = ["72dd37233799e619666c9f639a9da83c34013a73e8bbc79a7a6348d93c61fab8", "eb2e116e75ecef9d4d228fdc66af54269afa26ab4463042e33785b887c628ba8"]
isort = ["54da7e92468955c4fceacd0c86bd0ec997b0e1ee80d97f67c35a78b719dccab1", "6e811fcb295968434526407adb8796944f1988c5b65e8139058f2014cbe100fd"]
jedi = ["18456d83f65f400ab0c2d3319e48520420ef43b23a086fdc05dff34132f0fb93", "92550a404bad8afed881a137ec9a461fed49eca661414be45059329614ed0707"]
jmespath = ["b85d0567b8666149a93172712e68920734333c0ce7e89b78b3e987f71e5ed4f9", "cdf6525904cc597730141d61b36f2e4b8ecc257c420fa2f4549bac2c2d0cb72f"]
mccabe = ["ab8a6258860da4b6677da4bd2fe5dc2c659cff31b3ee4f7f5d64e79735b80d42", "dd8d182285a0fe56bace7f45b5e7d1a6ebcbf524e8f3bd87eb0f125271b8831f"]
mypy = ["0d0a87c0e7e3a9becdfbe936c981d32e5ee0ccda3e0f07e1ef2c3d1a817cf73e", "25adde9b862f8f9aac9d2d11971f226bd4c8fbaa89fb76bdadb267ef22d10064", "28fb5479c494b1bab244620685e2eb3c3f988d71fd5d64cc753195e8ed53df7c", "2f9b3407c58347a452fc0736861593e105139b905cca7d097e413453a1d650b4", "33f159443db0829d16f0a8d83d94df3109bb6dd801975fe86bacb9bf71628e97", "3f2aca7f68580dc2508289c729bd49ee929a436208d2b2b6aab15745a70a57df", "499c798053cdebcaa916eef8cd733e5584b5909f789de856b482cd7d069bdad8", "4eec37370483331d13514c3f55f446fc5248d6373e7029a29ecb7b7494851e7a", "552a815579aa1e995f39fd05dde6cd378e191b063f031f2acfe73ce9fb7f9e56", "5873888fff1c7cf5b71efbe80e0e73153fe9212fafdf8e44adfe4c20ec9f82d7", "61a3d5b97955422964be6b3baf05ff2ce7f26f52c85dd88db11d5e03e146a3a6", "674e822aa665b9fd75130c6c5f5ed9564a38c6cea6a6432ce47eafb68ee578c5", "7ce3175801d0ae5fdfa79b4f0cfed08807af4d075b402b7e294e6aa72af9aa2a", "9743c91088d396c1a5a3c9978354b61b0382b4e3c440ce83cf77994a43e8c521", "9f94aac67a2045ec719ffe6111df543bac7874cee01f41928f6969756e030564", "a26f8ec704e5a7423c8824d425086705e381b4f1dfdef6e3a1edab7ba174ec49", "abf7e0c3cf117c44d9285cc6128856106183938c68fd4944763003decdcfeb66", "b09669bcda124e83708f34a94606e01b614fa71931d356c1f1a5297ba11f110a", "cd07039aa5df222037005b08fbbfd69b3ab0b0bd7a07d7906de75ae52c4e3119", "d23e0ea196702d918b60c8288561e722bf437d82cb7ef2edcd98cfa38905d506", "d65cc1df038ef55a99e617431f0553cd77763869eebdf9042403e16089fe746c", "d7da2e1d5f558c37d6e8c1246f1aec1e7349e4913d8fb3cb289a35de573fe2eb"]
mypy-boto3-s3 = ["34e3c228330f884b091f1f690c4e73dce840e2fe3731be95546529a260f8da8c", "4d6c1b5ce14befa3dd7e83284bb34f0a6508aa28117716f994cf4d70106027e8"]
mypy-boto3-secretsmanager = ["493840507bacd52f2d641402560a685c9a5d50af8cc5c94189a875222303e6ab", "d221434daa1230c0cd90099cd45bbb33b080af4be84bdebd28c2854a74e47e07"]
mypy-boto3-sns = ["3a9495a23653a63ede9aa8775d30067eab0b3447ad20e11363e175212522d629", "d23400ae623a41458b21888ecdb624bc32923889908d85f9a0974ba09b5f7632"]
mypy-extensions = ["090fedd75945a69ae91ce1303b5824f428daf5a028d2f6ab8a299250a846f15d", "2d82818f5bb3e369420cb3c4060a7970edba416647068eb4c5343488a6c604a8"]
parso = ["15b00182f472319383252c18d5913b69269590616c947747bc50bf4ac768f410", "8519430ad07087d4c997fda3a7918f7cfa27cb58972a8c89c2a0295a1c940e9e"]
pexpect = ["0b48a55dcb3c05f3329815901ea4fc1537514d6ba867a152b581d69ae3710937", "fc65a43959d153d0114afe13997d439c22823a27cefceb5ff35c2178c6784c0c"]
pickleshare = ["87683d47965c1da65cdacaf31c8441d12b8044cdec9aca500cd78fc2c683afca", "9649af414d74d4df115d5d718f82acb59c9d418196b7b4290ed47a12ce62df56"]
prompt-toolkit = ["4cea7d09e46723885cb8bc54678175453e5071e9449821dce6f017b1d1fbfc1a", "9397a7162cf45449147ad6042fa37983a081b8a73363a5253dd4072666333137"]
ptyprocess = ["4b41f3967fce3af57cc7e94b888626c18bf37a083e3651ca8feeb66d492fef35", "5c5d0a3b48ceee0b48485e0c26037c0acd7d29765ca3fbb5cb3831d347423220"]
pycodestyle = ["2295e7b2f6b5bd100585ebcb1f616591b652db8a741695b3d8f5d28bdc934367", "c58a7d2815e0e8d7972bf1803331fb0152f867bd89adf8a01dfd55085434192e"]
pyflakes = ["0d94e0e05a19e57a99444b6ddcf9a6eb2e5c68d3ca1e98e90707af8152c90a92", "35b2d75ee967ea93b55750aa9edbbf72813e06a66ba54438df2cfac9e3c27fc8"]
pygments = ["2656e1a6edcdabf4275f9a3640db59fd5de107d88e8663c5d4e9a0fa62f77f94", "534ef71d539ae97d4c3a4cf7d6f110f214b0e687e92f9cb9d2a3b0d3101289c8"]
python-dateutil = ["73ebfe9dbf22e832286dafa60473e4cd239f8592f699aa5adaf10050e6e1823c", "75bb3f31ea686f1197762692a9ee6a7550b59fc6ca3a1f4b5d7e32fb98e2da2a"]
s3transfer = ["1e28620e5b444652ed752cf87c7e0cb15b0e578972568c6609f0f18212f259ed", "7fdddb4f22275cf1d32129e21f056337fd2a80b6ccef1664528145b72c49e6d2"]
six = ["30639c035cdb23534cd4aa2dd52c3bf48f06e5f4a941509c8bafd8ce11080259", "8b74bedcbbbaca38ff6d7491d76f2b06b3592611af620f8426e82dddb04a5ced"]
toml = ["806143ae5bfb6a3c6e736a764057db0e6a0e05e338b5630894a5f779cabb4f9b", "b3bda1d108d5dd99f4a20d24d9c348e91c4db7ab1b749200bded2f839ccbe68f"]
traitlets = ["178f4ce988f69189f7e523337a3e11d91c786ded9360174a3d9ca83e79bc5396", "69ff3f9d5351f31a7ad80443c2674b7099df13cc41fc5fa6e2f6d3b0330b0426"]
typed-ast = ["07d49388d5bf7e863f7fa2f124b1b1d89d8aa0e2f7812faff0a5658c01c59aa1", "14bf1522cdee369e8f5581238edac09150c765ec1cb33615855889cf33dcb92d", "240296b27397e4e37874abb1df2a608a92df85cf3e2a04d0d4d61055c8305ba6", "36d829b31ab67d6fcb30e185ec996e1f72b892255a745d3a82138c97d21ed1cd", "37f48d46d733d57cc70fd5f30572d11ab8ed92da6e6b28e024e4a3edfb456e37", "4c790331247081ea7c632a76d5b2a265e6d325ecd3179d06e9cf8d46d90dd151", "5dcfc2e264bd8a1db8b11a892bd1647154ce03eeba94b461effe68790d8b8e07", "7147e2a76c75f0f64c4319886e7639e490fee87c9d25cb1d4faef1d8cf83a440", "7703620125e4fb79b64aa52427ec192822e9f45d37d4b6625ab37ef403e1df70", "8368f83e93c7156ccd40e49a783a6a6850ca25b556c0fa0240ed0f659d2fe496", "84aa6223d71012c68d577c83f4e7db50d11d6b1399a9c779046d75e24bed74ea", "85f95aa97a35bdb2f2f7d10ec5bbdac0aeb9dafdaf88e17492da0504de2e6400", "8db0e856712f79c45956da0c9a40ca4246abc3485ae0d7ecc86a20f5e4c09abc", "9044ef2df88d7f33692ae3f18d3be63dec69c4fb1b5a4a9ac950f9b4ba571606", "963c80b583b0661918718b095e02303d8078950b26cc00b5e5ea9ababe0de1fc", "987f15737aba2ab5f3928c617ccf1ce412e2e321c77ab16ca5a293e7bbffd581", "9ec45db0c766f196ae629e509f059ff05fc3148f9ffd28f3cfe75d4afb485412", "9fc0b3cb5d1720e7141d103cf4819aea239f7d136acf9ee4a69b047b7986175a", "a2c927c49f2029291fbabd673d51a2180038f8cd5a5b2f290f78c4516be48be2", "a38878a223bdd37c9709d07cd357bb79f4c760b29210e14ad0fb395294583787", "b4fcdcfa302538f70929eb7b392f536a237cbe2ed9cba88e3bf5027b39f5f77f", "c0c74e5579af4b977c8b932f40a5464764b2f86681327410aa028a22d2f54937", "c1c876fd795b36126f773db9cbb393f19808edd2637e00fd6caba0e25f2c7b64", "c9aadc4924d4b5799112837b226160428524a9a45f830e0d0f184b19e4090487", "cc7b98bf58167b7f2db91a4327da24fb93368838eb84a44c472283778fc2446b", "cf54cfa843f297991b7388c281cb3855d911137223c6b6d2dd82a47ae5125a41", "d003156bb6a59cda9050e983441b7fa2487f7800d76bdc065566b7d728b4581a", "d175297e9533d8d37437abc14e8a83cbc68af93cc9c1c59c2c292ec59a0697a3", "d746a437cdbca200622385305aedd9aef68e8a645e385cc483bdc5e488f07166", "e683e409e5c45d5c9082dc1daf13f6374300806240719f95dc783d1fc942af10"]
typing-extensions = ["7cb407020f00f7bfc3cb3e7881628838e69d8f3fcab2f64742a5e76b2f841918", "99d4073b617d30288f569d3f13d2bd7548c3a7e4c8de87db09a9d29bb3a4a60c", "dafc7639cde7f1b6e1acc0f457842a83e722ccca8eef5270af2d74792619a89f"]
urllib3 = ["1b465e494e3e0d8939b50680403e3aedaa2bc434b7d5af64dfd3c958d7f5ae80", "de3eedaad74a2683334e282005cd8d7f22f4d55fa690a2a1020a416cb0a47e73"]
wcwidth = ["beb4802a9cebb9144e99086eff703a642a13d6a0052920003a230f3294bbe784", "c4d647b99872929fdb7bdcaa4fbe7f01413ed3d98077df798530e5b04f116c83"]
zipp = ["3607921face881ba3e026887d8150cca609d517579abe052ac81fc5aeffdbd76", "51cb66cc54621609dd593d1787f286ee42a5c0adbb4b29abea5a63edc3e03098"]
