# THIS IS AN AUTOGENERATED FILE. DO NOT EDIT THIS FILE DIRECTLY.
# yarn lockfile v1


pyright@^1.1.120:
  version "1.1.120"
  resolved "https://registry.yarnpkg.com/pyright/-/pyright-1.1.120.tgz#94071d39241af87177336313ee988863d095db5d"
  integrity sha512-H8LFXdKCvzOna50f7fMKUUiAUdomJHuC9XrzFboGo8UHZQskj9A8xZhL+OihzLB0FnCT5eLMWiJGPjqGv8iA6A==
